
Microsoft Visual Studio Solution File, Format Version 12.00
# Visual Studio 15
VisualStudioVersion = 15.0.26124.0
MinimumVisualStudioVersion = 15.0.26124.0
Project("{FAE04EC0-301F-11D3-BF4B-00C04F79EFBC}") = "api", "api\api.csproj", "{EF675628-C251-41CE-A987-A3A7794FEA0E}"
EndProject
Project("{FAE04EC0-301F-11D3-BF4B-00C04F79EFBC}") = "api.tests", "api.tests\api.tests.csproj", "{AEFF6ADB-0BA0-4B80-8E9E-0C03252E36F2}"
EndProject
Global
	GlobalSection(SolutionConfigurationPlatforms) = preSolution
		Debug|Any CPU = Debug|Any CPU
		Debug|x64 = Debug|x64
		Debug|x86 = Debug|x86
		Release|Any CPU = Release|Any CPU
		Release|x64 = Release|x64
		Release|x86 = Release|x86
	EndGlobalSection
	GlobalSection(SolutionProperties) = preSolution
		HideSolutionNode = FALSE
	EndGlobalSection
	GlobalSection(ProjectConfigurationPlatforms) = postSolution
		{EF675628-C251-41CE-A987-A3A7794FEA0E}.Debug|Any CPU.ActiveCfg = Debug|Any CPU
		{EF675628-C251-41CE-A987-A3A7794FEA0E}.Debug|Any CPU.Build.0 = Debug|Any CPU
		{EF675628-C251-41CE-A987-A3A7794FEA0E}.Debug|x64.ActiveCfg = Debug|Any CPU
		{EF675628-C251-41CE-A987-A3A7794FEA0E}.Debug|x64.Build.0 = Debug|Any CPU
		{EF675628-C251-41CE-A987-A3A7794FEA0E}.Debug|x86.ActiveCfg = Debug|Any CPU
		{EF675628-C251-41CE-A987-A3A7794FEA0E}.Debug|x86.Build.0 = Debug|Any CPU
		{EF675628-C251-41CE-A987-A3A7794FEA0E}.Release|Any CPU.ActiveCfg = Release|Any CPU
		{EF675628-C251-41CE-A987-A3A7794FEA0E}.Release|Any CPU.Build.0 = Release|Any CPU
		{EF675628-C251-41CE-A987-A3A7794FEA0E}.Release|x64.ActiveCfg = Release|Any CPU
		{EF675628-C251-41CE-A987-A3A7794FEA0E}.Release|x64.Build.0 = Release|Any CPU
		{EF675628-C251-41CE-A987-A3A7794FEA0E}.Release|x86.ActiveCfg = Release|Any CPU
		{EF675628-C251-41CE-A987-A3A7794FEA0E}.Release|x86.Build.0 = Release|Any CPU
		{AEFF6ADB-0BA0-4B80-8E9E-0C03252E36F2}.Debug|Any CPU.ActiveCfg = Debug|Any CPU
		{AEFF6ADB-0BA0-4B80-8E9E-0C03252E36F2}.Debug|Any CPU.Build.0 = Debug|Any CPU
		{AEFF6ADB-0BA0-4B80-8E9E-0C03252E36F2}.Debug|x64.ActiveCfg = Debug|Any CPU
		{AEFF6ADB-0BA0-4B80-8E9E-0C03252E36F2}.Debug|x64.Build.0 = Debug|Any CPU
		{AEFF6ADB-0BA0-4B80-8E9E-0C03252E36F2}.Debug|x86.ActiveCfg = Debug|Any CPU
		{AEFF6ADB-0BA0-4B80-8E9E-0C03252E36F2}.Debug|x86.Build.0 = Debug|Any CPU
		{AEFF6ADB-0BA0-4B80-8E9E-0C03252E36F2}.Release|Any CPU.ActiveCfg = Release|Any CPU
		{AEFF6ADB-0BA0-4B80-8E9E-0C03252E36F2}.Release|Any CPU.Build.0 = Release|Any CPU
		{AEFF6ADB-0BA0-4B80-8E9E-0C03252E36F2}.Release|x64.ActiveCfg = Release|Any CPU
		{AEFF6ADB-0BA0-4B80-8E9E-0C03252E36F2}.Release|x64.Build.0 = Release|Any CPU
		{AEFF6ADB-0BA0-4B80-8E9E-0C03252E36F2}.Release|x86.ActiveCfg = Release|Any CPU
		{AEFF6ADB-0BA0-4B80-8E9E-0C03252E36F2}.Release|x86.Build.0 = Release|Any CPU
	EndGlobalSection
EndGlobal
